
Microsoft Visual Studio Solution File, Format Version 12.00
# Visual Studio Version 17
VisualStudioVersion = 17.0.31903.59
MinimumVisualStudioVersion = 10.0.40219.1
Project("{FAE04EC0-301F-11D3-BF4B-00C04F79EFBC}") = "P3ON", "P3ON\P3ON.csproj", "{84E314F6-737E-4072-A2D3-BCCDCE0F5014}"
EndProject
Global
	GlobalSection(SolutionConfigurationPlatforms) = preSolution
		Debug|Any CPU = Debug|Any CPU
		Release|Any CPU = Release|Any CPU
	EndGlobalSection
	GlobalSection(SolutionProperties) = preSolution
		HideSolutionNode = FALSE
	EndGlobalSection
	GlobalSection(ProjectConfigurationPlatforms) = postSolution
		{84E314F6-737E-4072-A2D3-BCCDCE0F5014}.Debug|Any CPU.ActiveCfg = Debug|Any CPU
		{84E314F6-737E-4072-A2D3-BCCDCE0F5014}.Debug|Any CPU.Build.0 = Debug|Any CPU
		{84E314F6-737E-4072-A2D3-BCCDCE0F5014}.Release|Any CPU.ActiveCfg = Release|Any CPU
		{84E314F6-737E-4072-A2D3-BCCDCE0F5014}.Release|Any CPU.Build.0 = Release|Any CPU
	EndGlobalSection
EndGlobal
